
Microsoft Visual Studio Solution File, Format Version 12.00
# Visual Studio Version 16
VisualStudioVersion = 16.0.29409.12
MinimumVisualStudioVersion = 10.0.40219.1
Project("{888888A0-9F3D-457C-B088-3A5042F75D52}") = "TRIP_endtoend", "TRIP_endtoend.pyproj", "{B57B2640-9936-4BD4-B586-92CD2040EAAE}"
EndProject
Global
	GlobalSection(SolutionConfigurationPlatforms) = preSolution
		Debug|Any CPU = Debug|Any CPU
		Release|Any CPU = Release|Any CPU
	EndGlobalSection
	GlobalSection(ProjectConfigurationPlatforms) = postSolution
		{B57B2640-9936-4BD4-B586-92CD2040EAAE}.Debug|Any CPU.ActiveCfg = Debug|Any CPU
		{B57B2640-9936-4BD4-B586-92CD2040EAAE}.Release|Any CPU.ActiveCfg = Release|Any CPU
	EndGlobalSection
	GlobalSection(SolutionProperties) = preSolution
		HideSolutionNode = FALSE
	EndGlobalSection
	GlobalSection(ExtensibilityGlobals) = postSolution
		SolutionGuid = {63DEE9F9-C527-4DBC-A1FD-65070CA1C17E}
	EndGlobalSection
EndGlobal
